// !$*UTF8*$!
{
	archiveVersion = 1;
	classes = {
	};
	objectVersion = 46;
	objects = {

/* Begin PBXBuildFile section */
		31BA308619D6A5490090A844 /* main.m in Sources */ = {isa = PBXBuildFile; fileRef = 31BA308519D6A5490090A844 /* main.m */; };
		31BA308919D6A5490090A844 /* AppDelegate.m in Sources */ = {isa = PBXBuildFile; fileRef = 31BA308819D6A5490090A844 /* AppDelegate.m */; };
		31BA308F19D6A5490090A844 /* Main.storyboard in Resources */ = {isa = PBXBuildFile; fileRef = 31BA308D19D6A5490090A844 /* Main.storyboard */; };
		31BA309419D6A5490090A844 /* LaunchScreen.xib in Resources */ = {isa = PBXBuildFile; fileRef = 31BA309219D6A5490090A844 /* LaunchScreen.xib */; };
		31BA30A019D6A5490090A844 /* OP_OrangeTests.m in Sources */ = {isa = PBXBuildFile; fileRef = 31BA309F19D6A5490090A844 /* OP_OrangeTests.m */; };
		31BA30BD19D6A5B50090A844 /* AFHTTPRequestOperation.m in Sources */ = {isa = PBXBuildFile; fileRef = 31BA30AB19D6A5B50090A844 /* AFHTTPRequestOperation.m */; };
		31BA30BE19D6A5B50090A844 /* AFHTTPRequestOperationManager.m in Sources */ = {isa = PBXBuildFile; fileRef = 31BA30AD19D6A5B50090A844 /* AFHTTPRequestOperationManager.m */; };
		31BA30BF19D6A5B50090A844 /* AFHTTPSessionManager.m in Sources */ = {isa = PBXBuildFile; fileRef = 31BA30AF19D6A5B50090A844 /* AFHTTPSessionManager.m */; };
		31BA30C019D6A5B50090A844 /* AFNetworkReachabilityManager.m in Sources */ = {isa = PBXBuildFile; fileRef = 31BA30B219D6A5B50090A844 /* AFNetworkReachabilityManager.m */; };
		31BA30C119D6A5B50090A844 /* AFSecurityPolicy.m in Sources */ = {isa = PBXBuildFile; fileRef = 31BA30B419D6A5B50090A844 /* AFSecurityPolicy.m */; };
		31BA30C219D6A5B50090A844 /* AFURLConnectionOperation.m in Sources */ = {isa = PBXBuildFile; fileRef = 31BA30B619D6A5B50090A844 /* AFURLConnectionOperation.m */; };
		31BA30C319D6A5B50090A844 /* AFURLRequestSerialization.m in Sources */ = {isa = PBXBuildFile; fileRef = 31BA30B819D6A5B50090A844 /* AFURLRequestSerialization.m */; };
		31BA30C419D6A5B50090A844 /* AFURLResponseSerialization.m in Sources */ = {isa = PBXBuildFile; fileRef = 31BA30BA19D6A5B50090A844 /* AFURLResponseSerialization.m */; };
		31BA30C519D6A5B50090A844 /* AFURLSessionManager.m in Sources */ = {isa = PBXBuildFile; fileRef = 31BA30BC19D6A5B50090A844 /* AFURLSessionManager.m */; };
		31BA30CA19D6A9490090A844 /* LoginViewController.m in Sources */ = {isa = PBXBuildFile; fileRef = 31BA30C919D6A9490090A844 /* LoginViewController.m */; };
		31BA30CD19D6AA9E0090A844 /* GroupsTableViewController.m in Sources */ = {isa = PBXBuildFile; fileRef = 31BA30CC19D6AA9E0090A844 /* GroupsTableViewController.m */; };
		31BA30D019D6AF180090A844 /* GroupViewController.m in Sources */ = {isa = PBXBuildFile; fileRef = 31BA30CF19D6AF180090A844 /* GroupViewController.m */; };
		31BA30D319D6AF260090A844 /* SettingsViewController.m in Sources */ = {isa = PBXBuildFile; fileRef = 31BA30D219D6AF260090A844 /* SettingsViewController.m */; };
		31BA30D619D6B4030090A844 /* ONetworking.m in Sources */ = {isa = PBXBuildFile; fileRef = 31BA30D519D6B4030090A844 /* ONetworking.m */; };
		31BA30DA19D6C5A70090A844 /* Group.m in Sources */ = {isa = PBXBuildFile; fileRef = 31BA30D919D6C5A70090A844 /* Group.m */; };
		31BA30DD19D6CB730090A844 /* User.m in Sources */ = {isa = PBXBuildFile; fileRef = 31BA30DC19D6CB730090A844 /* User.m */; };
		31BA30E019D6DE920090A844 /* Transaction.m in Sources */ = {isa = PBXBuildFile; fileRef = 31BA30DF19D6DE920090A844 /* Transaction.m */; };
		31BA30E519D6E4E20090A844 /* Settings_selected.png in Resources */ = {isa = PBXBuildFile; fileRef = 31BA30E119D6E4E20090A844 /* Settings_selected.png */; };
		31BA30E619D6E4E20090A844 /* Settings_selected@2x.png in Resources */ = {isa = PBXBuildFile; fileRef = 31BA30E219D6E4E20090A844 /* Settings_selected@2x.png */; };
		31BA30E719D6E4E20090A844 /* Settings.png in Resources */ = {isa = PBXBuildFile; fileRef = 31BA30E319D6E4E20090A844 /* Settings.png */; };
		31BA30E819D6E4E20090A844 /* Settings@2x.png in Resources */ = {isa = PBXBuildFile; fileRef = 31BA30E419D6E4E20090A844 /* Settings@2x.png */; };
		31BA30EB19D6FB160090A844 /* green-button-blank-hi.png in Resources */ = {isa = PBXBuildFile; fileRef = 31BA30E919D6FB160090A844 /* green-button-blank-hi.png */; };
		31BA30EC19D6FB160090A844 /* green-button-blank-hi@2x.png in Resources */ = {isa = PBXBuildFile; fileRef = 31BA30EA19D6FB160090A844 /* green-button-blank-hi@2x.png */; };
		31BA311819D70D390090A844 /* Orange_1024.png in Resources */ = {isa = PBXBuildFile; fileRef = 31BA311719D70D390090A844 /* Orange_1024.png */; };
		31BA311A19D70D7F0090A844 /* Images.xcassets in Resources */ = {isa = PBXBuildFile; fileRef = 31BA311919D70D7F0090A844 /* Images.xcassets */; };
		31BA311C19D70E000090A844 /* Orange Logo.png in Resources */ = {isa = PBXBuildFile; fileRef = 31BA311B19D70E000090A844 /* Orange Logo.png */; };
/* End PBXBuildFile section */

/* Begin PBXContainerItemProxy section */
		31BA309A19D6A5490090A844 /* PBXContainerItemProxy */ = {
			isa = PBXContainerItemProxy;
			containerPortal = 31BA307819D6A5480090A844 /* Project object */;
			proxyType = 1;
			remoteGlobalIDString = 31BA307F19D6A5480090A844;
			remoteInfo = "OP Orange";
		};
/* End PBXContainerItemProxy section */

/* Begin PBXFileReference section */
		31BA308019D6A5480090A844 /* OP Orange.app */ = {isa = PBXFileReference; explicitFileType = wrapper.application; includeInIndex = 0; path = "OP Orange.app"; sourceTree = BUILT_PRODUCTS_DIR; };
		31BA308419D6A5480090A844 /* Info.plist */ = {isa = PBXFileReference; lastKnownFileType = text.plist.xml; path = Info.plist; sourceTree = "<group>"; };
		31BA308519D6A5490090A844 /* main.m */ = {isa = PBXFileReference; lastKnownFileType = sourcecode.c.objc; path = main.m; sourceTree = "<group>"; };
		31BA308719D6A5490090A844 /* AppDelegate.h */ = {isa = PBXFileReference; lastKnownFileType = sourcecode.c.h; path = AppDelegate.h; sourceTree = "<group>"; };
		31BA308819D6A5490090A844 /* AppDelegate.m */ = {isa = PBXFileReference; lastKnownFileType = sourcecode.c.objc; path = AppDelegate.m; sourceTree = "<group>"; };
		31BA308E19D6A5490090A844 /* Base */ = {isa = PBXFileReference; lastKnownFileType = file.storyboard; name = Base; path = Base.lproj/Main.storyboard; sourceTree = "<group>"; };
		31BA309319D6A5490090A844 /* Base */ = {isa = PBXFileReference; lastKnownFileType = file.xib; name = Base; path = Base.lproj/LaunchScreen.xib; sourceTree = "<group>"; };
		31BA309919D6A5490090A844 /* OP OrangeTests.xctest */ = {isa = PBXFileReference; explicitFileType = wrapper.cfbundle; includeInIndex = 0; path = "OP OrangeTests.xctest"; sourceTree = BUILT_PRODUCTS_DIR; };
		31BA309E19D6A5490090A844 /* Info.plist */ = {isa = PBXFileReference; lastKnownFileType = text.plist.xml; path = Info.plist; sourceTree = "<group>"; };
		31BA309F19D6A5490090A844 /* OP_OrangeTests.m */ = {isa = PBXFileReference; lastKnownFileType = sourcecode.c.objc; path = OP_OrangeTests.m; sourceTree = "<group>"; };
		31BA30AA19D6A5B50090A844 /* AFHTTPRequestOperation.h */ = {isa = PBXFileReference; fileEncoding = 4; lastKnownFileType = sourcecode.c.h; path = AFHTTPRequestOperation.h; sourceTree = "<group>"; };
		31BA30AB19D6A5B50090A844 /* AFHTTPRequestOperation.m */ = {isa = PBXFileReference; fileEncoding = 4; lastKnownFileType = sourcecode.c.objc; path = AFHTTPRequestOperation.m; sourceTree = "<group>"; };
		31BA30AC19D6A5B50090A844 /* AFHTTPRequestOperationManager.h */ = {isa = PBXFileReference; fileEncoding = 4; lastKnownFileType = sourcecode.c.h; path = AFHTTPRequestOperationManager.h; sourceTree = "<group>"; };
		31BA30AD19D6A5B50090A844 /* AFHTTPRequestOperationManager.m */ = {isa = PBXFileReference; fileEncoding = 4; lastKnownFileType = sourcecode.c.objc; path = AFHTTPRequestOperationManager.m; sourceTree = "<group>"; };
		31BA30AE19D6A5B50090A844 /* AFHTTPSessionManager.h */ = {isa = PBXFileReference; fileEncoding = 4; lastKnownFileType = sourcecode.c.h; path = AFHTTPSessionManager.h; sourceTree = "<group>"; };
		31BA30AF19D6A5B50090A844 /* AFHTTPSessionManager.m */ = {isa = PBXFileReference; fileEncoding = 4; lastKnownFileType = sourcecode.c.objc; path = AFHTTPSessionManager.m; sourceTree = "<group>"; };
		31BA30B019D6A5B50090A844 /* AFNetworking.h */ = {isa = PBXFileReference; fileEncoding = 4; lastKnownFileType = sourcecode.c.h; path = AFNetworking.h; sourceTree = "<group>"; };
		31BA30B119D6A5B50090A844 /* AFNetworkReachabilityManager.h */ = {isa = PBXFileReference; fileEncoding = 4; lastKnownFileType = sourcecode.c.h; path = AFNetworkReachabilityManager.h; sourceTree = "<group>"; };
		31BA30B219D6A5B50090A844 /* AFNetworkReachabilityManager.m */ = {isa = PBXFileReference; fileEncoding = 4; lastKnownFileType = sourcecode.c.objc; path = AFNetworkReachabilityManager.m; sourceTree = "<group>"; };
		31BA30B319D6A5B50090A844 /* AFSecurityPolicy.h */ = {isa = PBXFileReference; fileEncoding = 4; lastKnownFileType = sourcecode.c.h; path = AFSecurityPolicy.h; sourceTree = "<group>"; };
		31BA30B419D6A5B50090A844 /* AFSecurityPolicy.m */ = {isa = PBXFileReference; fileEncoding = 4; lastKnownFileType = sourcecode.c.objc; path = AFSecurityPolicy.m; sourceTree = "<group>"; };
		31BA30B519D6A5B50090A844 /* AFURLConnectionOperation.h */ = {isa = PBXFileReference; fileEncoding = 4; lastKnownFileType = sourcecode.c.h; path = AFURLConnectionOperation.h; sourceTree = "<group>"; };
		31BA30B619D6A5B50090A844 /* AFURLConnectionOperation.m */ = {isa = PBXFileReference; fileEncoding = 4; lastKnownFileType = sourcecode.c.objc; path = AFURLConnectionOperation.m; sourceTree = "<group>"; };
		31BA30B719D6A5B50090A844 /* AFURLRequestSerialization.h */ = {isa = PBXFileReference; fileEncoding = 4; lastKnownFileType = sourcecode.c.h; path = AFURLRequestSerialization.h; sourceTree = "<group>"; };
		31BA30B819D6A5B50090A844 /* AFURLRequestSerialization.m */ = {isa = PBXFileReference; fileEncoding = 4; lastKnownFileType = sourcecode.c.objc; path = AFURLRequestSerialization.m; sourceTree = "<group>"; };
		31BA30B919D6A5B50090A844 /* AFURLResponseSerialization.h */ = {isa = PBXFileReference; fileEncoding = 4; lastKnownFileType = sourcecode.c.h; path = AFURLResponseSerialization.h; sourceTree = "<group>"; };
		31BA30BA19D6A5B50090A844 /* AFURLResponseSerialization.m */ = {isa = PBXFileReference; fileEncoding = 4; lastKnownFileType = sourcecode.c.objc; path = AFURLResponseSerialization.m; sourceTree = "<group>"; };
		31BA30BB19D6A5B50090A844 /* AFURLSessionManager.h */ = {isa = PBXFileReference; fileEncoding = 4; lastKnownFileType = sourcecode.c.h; path = AFURLSessionManager.h; sourceTree = "<group>"; };
		31BA30BC19D6A5B50090A844 /* AFURLSessionManager.m */ = {isa = PBXFileReference; fileEncoding = 4; lastKnownFileType = sourcecode.c.objc; path = AFURLSessionManager.m; sourceTree = "<group>"; };
		31BA30C819D6A9490090A844 /* LoginViewController.h */ = {isa = PBXFileReference; fileEncoding = 4; lastKnownFileType = sourcecode.c.h; path = LoginViewController.h; sourceTree = "<group>"; };
		31BA30C919D6A9490090A844 /* LoginViewController.m */ = {isa = PBXFileReference; fileEncoding = 4; lastKnownFileType = sourcecode.c.objc; path = LoginViewController.m; sourceTree = "<group>"; };
		31BA30CB19D6AA9E0090A844 /* GroupsTableViewController.h */ = {isa = PBXFileReference; fileEncoding = 4; lastKnownFileType = sourcecode.c.h; path = GroupsTableViewController.h; sourceTree = "<group>"; };
		31BA30CC19D6AA9E0090A844 /* GroupsTableViewController.m */ = {isa = PBXFileReference; fileEncoding = 4; lastKnownFileType = sourcecode.c.objc; path = GroupsTableViewController.m; sourceTree = "<group>"; };
		31BA30CE19D6AF180090A844 /* GroupViewController.h */ = {isa = PBXFileReference; fileEncoding = 4; lastKnownFileType = sourcecode.c.h; path = GroupViewController.h; sourceTree = "<group>"; };
		31BA30CF19D6AF180090A844 /* GroupViewController.m */ = {isa = PBXFileReference; fileEncoding = 4; lastKnownFileType = sourcecode.c.objc; path = GroupViewController.m; sourceTree = "<group>"; };
		31BA30D119D6AF260090A844 /* SettingsViewController.h */ = {isa = PBXFileReference; fileEncoding = 4; lastKnownFileType = sourcecode.c.h; path = SettingsViewController.h; sourceTree = "<group>"; };
		31BA30D219D6AF260090A844 /* SettingsViewController.m */ = {isa = PBXFileReference; fileEncoding = 4; lastKnownFileType = sourcecode.c.objc; path = SettingsViewController.m; sourceTree = "<group>"; };
		31BA30D419D6B4030090A844 /* ONetworking.h */ = {isa = PBXFileReference; fileEncoding = 4; lastKnownFileType = sourcecode.c.h; path = ONetworking.h; sourceTree = "<group>"; };
		31BA30D519D6B4030090A844 /* ONetworking.m */ = {isa = PBXFileReference; fileEncoding = 4; lastKnownFileType = sourcecode.c.objc; path = ONetworking.m; sourceTree = "<group>"; };
		31BA30D819D6C5A70090A844 /* Group.h */ = {isa = PBXFileReference; fileEncoding = 4; lastKnownFileType = sourcecode.c.h; path = Group.h; sourceTree = "<group>"; };
		31BA30D919D6C5A70090A844 /* Group.m */ = {isa = PBXFileReference; fileEncoding = 4; lastKnownFileType = sourcecode.c.objc; path = Group.m; sourceTree = "<group>"; };
		31BA30DB19D6CB730090A844 /* User.h */ = {isa = PBXFileReference; fileEncoding = 4; lastKnownFileType = sourcecode.c.h; path = User.h; sourceTree = "<group>"; };
		31BA30DC19D6CB730090A844 /* User.m */ = {isa = PBXFileReference; fileEncoding = 4; lastKnownFileType = sourcecode.c.objc; path = User.m; sourceTree = "<group>"; };
		31BA30DE19D6DE920090A844 /* Transaction.h */ = {isa = PBXFileReference; fileEncoding = 4; lastKnownFileType = sourcecode.c.h; path = Transaction.h; sourceTree = "<group>"; };
		31BA30DF19D6DE920090A844 /* Transaction.m */ = {isa = PBXFileReference; fileEncoding = 4; lastKnownFileType = sourcecode.c.objc; path = Transaction.m; sourceTree = "<group>"; };
		31BA30E119D6E4E20090A844 /* Settings_selected.png */ = {isa = PBXFileReference; lastKnownFileType = image.png; path = Settings_selected.png; sourceTree = "<group>"; };
		31BA30E219D6E4E20090A844 /* Settings_selected@2x.png */ = {isa = PBXFileReference; lastKnownFileType = image.png; path = "Settings_selected@2x.png"; sourceTree = "<group>"; };
		31BA30E319D6E4E20090A844 /* Settings.png */ = {isa = PBXFileReference; lastKnownFileType = image.png; path = Settings.png; sourceTree = "<group>"; };
		31BA30E419D6E4E20090A844 /* Settings@2x.png */ = {isa = PBXFileReference; lastKnownFileType = image.png; path = "Settings@2x.png"; sourceTree = "<group>"; };
		31BA30E919D6FB160090A844 /* green-button-blank-hi.png */ = {isa = PBXFileReference; lastKnownFileType = image.png; path = "green-button-blank-hi.png"; sourceTree = "<group>"; };
		31BA30EA19D6FB160090A844 /* green-button-blank-hi@2x.png */ = {isa = PBXFileReference; lastKnownFileType = image.png; path = "green-button-blank-hi@2x.png"; sourceTree = "<group>"; };
		31BA311719D70D390090A844 /* Orange_1024.png */ = {isa = PBXFileReference; lastKnownFileType = image.png; path = Orange_1024.png; sourceTree = "<group>"; };
		31BA311919D70D7F0090A844 /* Images.xcassets */ = {isa = PBXFileReference; lastKnownFileType = folder.assetcatalog; path = Images.xcassets; sourceTree = "<group>"; };
		31BA311B19D70E000090A844 /* Orange Logo.png */ = {isa = PBXFileReference; lastKnownFileType = image.png; path = "Orange Logo.png"; sourceTree = "<group>"; };
/* End PBXFileReference section */

/* Begin PBXFrameworksBuildPhase section */
		31BA307D19D6A5480090A844 /* Frameworks */ = {
			isa = PBXFrameworksBuildPhase;
			buildActionMask = 2147483647;
			files = (
			);
			runOnlyForDeploymentPostprocessing = 0;
		};
		31BA309619D6A5490090A844 /* Frameworks */ = {
			isa = PBXFrameworksBuildPhase;
			buildActionMask = 2147483647;
			files = (
			);
			runOnlyForDeploymentPostprocessing = 0;
		};
/* End PBXFrameworksBuildPhase section */

/* Begin PBXGroup section */
		31BA307719D6A5480090A844 = {
			isa = PBXGroup;
			children = (
				31BA308219D6A5480090A844 /* OP Orange */,
				31BA309C19D6A5490090A844 /* OP OrangeTests */,
				31BA308119D6A5480090A844 /* Products */,
			);
			sourceTree = "<group>";
		};
		31BA308119D6A5480090A844 /* Products */ = {
			isa = PBXGroup;
			children = (
				31BA308019D6A5480090A844 /* OP Orange.app */,
				31BA309919D6A5490090A844 /* OP OrangeTests.xctest */,
			);
			name = Products;
			sourceTree = "<group>";
		};
		31BA308219D6A5480090A844 /* OP Orange */ = {
			isa = PBXGroup;
			children = (
				31BA30D719D6C5940090A844 /* Models */,
				31BA30A919D6A5B50090A844 /* AFNetworking */,
				31BA308719D6A5490090A844 /* AppDelegate.h */,
				31BA308819D6A5490090A844 /* AppDelegate.m */,
				31BA30D419D6B4030090A844 /* ONetworking.h */,
				31BA30D519D6B4030090A844 /* ONetworking.m */,
				31BA308D19D6A5490090A844 /* Main.storyboard */,
				31BA309219D6A5490090A844 /* LaunchScreen.xib */,
				31BA308319D6A5480090A844 /* Supporting Files */,
				31BA30C819D6A9490090A844 /* LoginViewController.h */,
				31BA30C919D6A9490090A844 /* LoginViewController.m */,
				31BA30CB19D6AA9E0090A844 /* GroupsTableViewController.h */,
				31BA30CC19D6AA9E0090A844 /* GroupsTableViewController.m */,
				31BA30CE19D6AF180090A844 /* GroupViewController.h */,
				31BA30CF19D6AF180090A844 /* GroupViewController.m */,
				31BA30D119D6AF260090A844 /* SettingsViewController.h */,
				31BA30D219D6AF260090A844 /* SettingsViewController.m */,
				31BA311919D70D7F0090A844 /* Images.xcassets */,
			);
			path = "OP Orange";
			sourceTree = "<group>";
		};
		31BA308319D6A5480090A844 /* Supporting Files */ = {
			isa = PBXGroup;
			children = (
				31BA311B19D70E000090A844 /* Orange Logo.png */,
				31BA311719D70D390090A844 /* Orange_1024.png */,
				31BA30E919D6FB160090A844 /* green-button-blank-hi.png */,
				31BA30EA19D6FB160090A844 /* green-button-blank-hi@2x.png */,
				31BA30E119D6E4E20090A844 /* Settings_selected.png */,
				31BA30E219D6E4E20090A844 /* Settings_selected@2x.png */,
				31BA30E319D6E4E20090A844 /* Settings.png */,
				31BA30E419D6E4E20090A844 /* Settings@2x.png */,
				31BA308419D6A5480090A844 /* Info.plist */,
				31BA308519D6A5490090A844 /* main.m */,
			);
			name = "Supporting Files";
			sourceTree = "<group>";
		};
		31BA309C19D6A5490090A844 /* OP OrangeTests */ = {
			isa = PBXGroup;
			children = (
				31BA309F19D6A5490090A844 /* OP_OrangeTests.m */,
				31BA309D19D6A5490090A844 /* Supporting Files */,
			);
			path = "OP OrangeTests";
			sourceTree = "<group>";
		};
		31BA309D19D6A5490090A844 /* Supporting Files */ = {
			isa = PBXGroup;
			children = (
				31BA309E19D6A5490090A844 /* Info.plist */,
			);
			name = "Supporting Files";
			sourceTree = "<group>";
		};
		31BA30A919D6A5B50090A844 /* AFNetworking */ = {
			isa = PBXGroup;
			children = (
				31BA30AA19D6A5B50090A844 /* AFHTTPRequestOperation.h */,
				31BA30AB19D6A5B50090A844 /* AFHTTPRequestOperation.m */,
				31BA30AC19D6A5B50090A844 /* AFHTTPRequestOperationManager.h */,
				31BA30AD19D6A5B50090A844 /* AFHTTPRequestOperationManager.m */,
				31BA30AE19D6A5B50090A844 /* AFHTTPSessionManager.h */,
				31BA30AF19D6A5B50090A844 /* AFHTTPSessionManager.m */,
				31BA30B019D6A5B50090A844 /* AFNetworking.h */,
				31BA30B119D6A5B50090A844 /* AFNetworkReachabilityManager.h */,
				31BA30B219D6A5B50090A844 /* AFNetworkReachabilityManager.m */,
				31BA30B319D6A5B50090A844 /* AFSecurityPolicy.h */,
				31BA30B419D6A5B50090A844 /* AFSecurityPolicy.m */,
				31BA30B519D6A5B50090A844 /* AFURLConnectionOperation.h */,
				31BA30B619D6A5B50090A844 /* AFURLConnectionOperation.m */,
				31BA30B719D6A5B50090A844 /* AFURLRequestSerialization.h */,
				31BA30B819D6A5B50090A844 /* AFURLRequestSerialization.m */,
				31BA30B919D6A5B50090A844 /* AFURLResponseSerialization.h */,
				31BA30BA19D6A5B50090A844 /* AFURLResponseSerialization.m */,
				31BA30BB19D6A5B50090A844 /* AFURLSessionManager.h */,
				31BA30BC19D6A5B50090A844 /* AFURLSessionManager.m */,
			);
			path = AFNetworking;
			sourceTree = "<group>";
		};
		31BA30D719D6C5940090A844 /* Models */ = {
			isa = PBXGroup;
			children = (
				31BA30D819D6C5A70090A844 /* Group.h */,
				31BA30D919D6C5A70090A844 /* Group.m */,
				31BA30DB19D6CB730090A844 /* User.h */,
				31BA30DC19D6CB730090A844 /* User.m */,
				31BA30DE19D6DE920090A844 /* Transaction.h */,
				31BA30DF19D6DE920090A844 /* Transaction.m */,
			);
			name = Models;
			sourceTree = "<group>";
		};
/* End PBXGroup section */

/* Begin PBXNativeTarget section */
		31BA307F19D6A5480090A844 /* OP Orange */ = {
			isa = PBXNativeTarget;
			buildConfigurationList = 31BA30A319D6A5490090A844 /* Build configuration list for PBXNativeTarget "OP Orange" */;
			buildPhases = (
				31BA307C19D6A5480090A844 /* Sources */,
				31BA307D19D6A5480090A844 /* Frameworks */,
				31BA307E19D6A5480090A844 /* Resources */,
			);
			buildRules = (
			);
			dependencies = (
			);
			name = "OP Orange";
			productName = "OP Orange";
			productReference = 31BA308019D6A5480090A844 /* OP Orange.app */;
			productType = "com.apple.product-type.application";
		};
		31BA309819D6A5490090A844 /* OP OrangeTests */ = {
			isa = PBXNativeTarget;
			buildConfigurationList = 31BA30A619D6A5490090A844 /* Build configuration list for PBXNativeTarget "OP OrangeTests" */;
			buildPhases = (
				31BA309519D6A5490090A844 /* Sources */,
				31BA309619D6A5490090A844 /* Frameworks */,
				31BA309719D6A5490090A844 /* Resources */,
			);
			buildRules = (
			);
			dependencies = (
				31BA309B19D6A5490090A844 /* PBXTargetDependency */,
			);
			name = "OP OrangeTests";
			productName = "OP OrangeTests";
			productReference = 31BA309919D6A5490090A844 /* OP OrangeTests.xctest */;
			productType = "com.apple.product-type.bundle.unit-test";
		};
/* End PBXNativeTarget section */

/* Begin PBXProject section */
		31BA307819D6A5480090A844 /* Project object */ = {
			isa = PBXProject;
			attributes = {
				LastUpgradeCheck = 0600;
				ORGANIZATIONNAME = "Scrambled Apps";
				TargetAttributes = {
					31BA307F19D6A5480090A844 = {
						CreatedOnToolsVersion = 6.0.1;
						DevelopmentTeam = W5F7LAS4S5;
					};
					31BA309819D6A5490090A844 = {
						CreatedOnToolsVersion = 6.0.1;
						TestTargetID = 31BA307F19D6A5480090A844;
					};
				};
			};
			buildConfigurationList = 31BA307B19D6A5480090A844 /* Build configuration list for PBXProject "OP Orange" */;
			compatibilityVersion = "Xcode 3.2";
			developmentRegion = English;
			hasScannedForEncodings = 0;
			knownRegions = (
				en,
				Base,
			);
			mainGroup = 31BA307719D6A5480090A844;
			productRefGroup = 31BA308119D6A5480090A844 /* Products */;
			projectDirPath = "";
			projectRoot = "";
			targets = (
				31BA307F19D6A5480090A844 /* OP Orange */,
				31BA309819D6A5490090A844 /* OP OrangeTests */,
			);
		};
/* End PBXProject section */

/* Begin PBXResourcesBuildPhase section */
		31BA307E19D6A5480090A844 /* Resources */ = {
			isa = PBXResourcesBuildPhase;
			buildActionMask = 2147483647;
			files = (
				31BA311819D70D390090A844 /* Orange_1024.png in Resources */,
				31BA311A19D70D7F0090A844 /* Images.xcassets in Resources */,
				31BA311C19D70E000090A844 /* Orange Logo.png in Resources */,
				31BA308F19D6A5490090A844 /* Main.storyboard in Resources */,
				31BA30EB19D6FB160090A844 /* green-button-blank-hi.png in Resources */,
				31BA30E519D6E4E20090A844 /* Settings_selected.png in Resources */,
				31BA30E719D6E4E20090A844 /* Settings.png in Resources */,
				31BA30EC19D6FB160090A844 /* green-button-blank-hi@2x.png in Resources */,
				31BA30E819D6E4E20090A844 /* Settings@2x.png in Resources */,
				31BA309419D6A5490090A844 /* LaunchScreen.xib in Resources */,
				31BA30E619D6E4E20090A844 /* Settings_selected@2x.png in Resources */,
			);
			runOnlyForDeploymentPostprocessing = 0;
		};
		31BA309719D6A5490090A844 /* Resources */ = {
			isa = PBXResourcesBuildPhase;
			buildActionMask = 2147483647;
			files = (
			);
			runOnlyForDeploymentPostprocessing = 0;
		};
/* End PBXResourcesBuildPhase section */

/* Begin PBXSourcesBuildPhase section */
		31BA307C19D6A5480090A844 /* Sources */ = {
			isa = PBXSourcesBuildPhase;
			buildActionMask = 2147483647;
			files = (
				31BA30DA19D6C5A70090A844 /* Group.m in Sources */,
				31BA30D619D6B4030090A844 /* ONetworking.m in Sources */,
				31BA30DD19D6CB730090A844 /* User.m in Sources */,
				31BA30BD19D6A5B50090A844 /* AFHTTPRequestOperation.m in Sources */,
				31BA30CA19D6A9490090A844 /* LoginViewController.m in Sources */,
				31BA30E019D6DE920090A844 /* Transaction.m in Sources */,
				31BA30D319D6AF260090A844 /* SettingsViewController.m in Sources */,
				31BA30D019D6AF180090A844 /* GroupViewController.m in Sources */,
				31BA30BE19D6A5B50090A844 /* AFHTTPRequestOperationManager.m in Sources */,
				31BA30C019D6A5B50090A844 /* AFNetworkReachabilityManager.m in Sources */,
				31BA30CD19D6AA9E0090A844 /* GroupsTableViewController.m in Sources */,
				31BA30C419D6A5B50090A844 /* AFURLResponseSerialization.m in Sources */,
				31BA30C219D6A5B50090A844 /* AFURLConnectionOperation.m in Sources */,
				31BA30C119D6A5B50090A844 /* AFSecurityPolicy.m in Sources */,
				31BA30BF19D6A5B50090A844 /* AFHTTPSessionManager.m in Sources */,
				31BA30C319D6A5B50090A844 /* AFURLRequestSerialization.m in Sources */,
				31BA30C519D6A5B50090A844 /* AFURLSessionManager.m in Sources */,
				31BA308919D6A5490090A844 /* AppDelegate.m in Sources */,
				31BA308619D6A5490090A844 /* main.m in Sources */,
			);
			runOnlyForDeploymentPostprocessing = 0;
		};
		31BA309519D6A5490090A844 /* Sources */ = {
			isa = PBXSourcesBuildPhase;
			buildActionMask = 2147483647;
			files = (
				31BA30A019D6A5490090A844 /* OP_OrangeTests.m in Sources */,
			);
			runOnlyForDeploymentPostprocessing = 0;
		};
/* End PBXSourcesBuildPhase section */

/* Begin PBXTargetDependency section */
		31BA309B19D6A5490090A844 /* PBXTargetDependency */ = {
			isa = PBXTargetDependency;
			target = 31BA307F19D6A5480090A844 /* OP Orange */;
			targetProxy = 31BA309A19D6A5490090A844 /* PBXContainerItemProxy */;
		};
/* End PBXTargetDependency section */

/* Begin PBXVariantGroup section */
		31BA308D19D6A5490090A844 /* Main.storyboard */ = {
			isa = PBXVariantGroup;
			children = (
				31BA308E19D6A5490090A844 /* Base */,
			);
			name = Main.storyboard;
			sourceTree = "<group>";
		};
		31BA309219D6A5490090A844 /* LaunchScreen.xib */ = {
			isa = PBXVariantGroup;
			children = (
				31BA309319D6A5490090A844 /* Base */,
			);
			name = LaunchScreen.xib;
			sourceTree = "<group>";
		};
/* End PBXVariantGroup section */

/* Begin XCBuildConfiguration section */
		31BA30A119D6A5490090A844 /* Debug */ = {
			isa = XCBuildConfiguration;
			buildSettings = {
				ALWAYS_SEARCH_USER_PATHS = NO;
				CLANG_CXX_LANGUAGE_STANDARD = "gnu++0x";
				CLANG_CXX_LIBRARY = "libc++";
				CLANG_ENABLE_MODULES = YES;
				CLANG_ENABLE_OBJC_ARC = YES;
				CLANG_WARN_BOOL_CONVERSION = YES;
				CLANG_WARN_CONSTANT_CONVERSION = YES;
				CLANG_WARN_DIRECT_OBJC_ISA_USAGE = YES_ERROR;
				CLANG_WARN_EMPTY_BODY = YES;
				CLANG_WARN_ENUM_CONVERSION = YES;
				CLANG_WARN_INT_CONVERSION = YES;
				CLANG_WARN_OBJC_ROOT_CLASS = YES_ERROR;
				CLANG_WARN_UNREACHABLE_CODE = YES;
				CLANG_WARN__DUPLICATE_METHOD_MATCH = YES;
				"CODE_SIGN_IDENTITY[sdk=iphoneos*]" = "iPhone Developer";
				COPY_PHASE_STRIP = NO;
				ENABLE_STRICT_OBJC_MSGSEND = YES;
				GCC_C_LANGUAGE_STANDARD = gnu99;
				GCC_DYNAMIC_NO_PIC = NO;
				GCC_OPTIMIZATION_LEVEL = 0;
				GCC_PREPROCESSOR_DEFINITIONS = (
					"DEBUG=1",
					"$(inherited)",
				);
				GCC_SYMBOLS_PRIVATE_EXTERN = NO;
				GCC_WARN_64_TO_32_BIT_CONVERSION = YES;
				GCC_WARN_ABOUT_RETURN_TYPE = YES_ERROR;
				GCC_WARN_UNDECLARED_SELECTOR = YES;
				GCC_WARN_UNINITIALIZED_AUTOS = YES_AGGRESSIVE;
				GCC_WARN_UNUSED_FUNCTION = YES;
				GCC_WARN_UNUSED_VARIABLE = YES;
				IPHONEOS_DEPLOYMENT_TARGET = 8.0;
				MTL_ENABLE_DEBUG_INFO = YES;
				ONLY_ACTIVE_ARCH = YES;
				SDKROOT = iphoneos;
			};
			name = Debug;
		};
		31BA30A219D6A5490090A844 /* Release */ = {
			isa = XCBuildConfiguration;
			buildSettings = {
				ALWAYS_SEARCH_USER_PATHS = NO;
				CLANG_CXX_LANGUAGE_STANDARD = "gnu++0x";
				CLANG_CXX_LIBRARY = "libc++";
				CLANG_ENABLE_MODULES = YES;
				CLANG_ENABLE_OBJC_ARC = YES;
				CLANG_WARN_BOOL_CONVERSION = YES;
				CLANG_WARN_CONSTANT_CONVERSION = YES;
				CLANG_WARN_DIRECT_OBJC_ISA_USAGE = YES_ERROR;
				CLANG_WARN_EMPTY_BODY = YES;
				CLANG_WARN_ENUM_CONVERSION = YES;
				CLANG_WARN_INT_CONVERSION = YES;
				CLANG_WARN_OBJC_ROOT_CLASS = YES_ERROR;
				CLANG_WARN_UNREACHABLE_CODE = YES;
				CLANG_WARN__DUPLICATE_METHOD_MATCH = YES;
				"CODE_SIGN_IDENTITY[sdk=iphoneos*]" = "iPhone Developer";
				COPY_PHASE_STRIP = YES;
				ENABLE_NS_ASSERTIONS = NO;
				ENABLE_STRICT_OBJC_MSGSEND = YES;
				GCC_C_LANGUAGE_STANDARD = gnu99;
				GCC_WARN_64_TO_32_BIT_CONVERSION = YES;
				GCC_WARN_ABOUT_RETURN_TYPE = YES_ERROR;
				GCC_WARN_UNDECLARED_SELECTOR = YES;
				GCC_WARN_UNINITIALIZED_AUTOS = YES_AGGRESSIVE;
				GCC_WARN_UNUSED_FUNCTION = YES;
				GCC_WARN_UNUSED_VARIABLE = YES;
				IPHONEOS_DEPLOYMENT_TARGET = 8.0;
				MTL_ENABLE_DEBUG_INFO = NO;
				SDKROOT = iphoneos;
				VALIDATE_PRODUCT = YES;
			};
			name = Release;
		};
		31BA30A419D6A5490090A844 /* Debug */ = {
			isa = XCBuildConfiguration;
			buildSettings = {
				ASSETCATALOG_COMPILER_APPICON_NAME = AppIcon;
				CODE_SIGN_IDENTITY = "iPhone Developer";
				"CODE_SIGN_IDENTITY[sdk=iphoneos*]" = "iPhone Developer: Ruud Visser (638NJPDBPM)";
				INFOPLIST_FILE = "OP Orange/Info.plist";
				IPHONEOS_DEPLOYMENT_TARGET = 8.0;
				LD_RUNPATH_SEARCH_PATHS = "$(inherited) @executable_path/Frameworks";
				PRODUCT_NAME = "$(TARGET_NAME)";
				PROVISIONING_PROFILE = "be585cfb-6f6b-43e3-9cc8-625445a06ec3";
				TARGETED_DEVICE_FAMILY = 1;
				VALID_ARCHS = "arm64 armv7 armv7s arm6";
			};
			name = Debug;
		};
		31BA30A519D6A5490090A844 /* Release */ = {
			isa = XCBuildConfiguration;
			buildSettings = {
				ASSETCATALOG_COMPILER_APPICON_NAME = AppIcon;
				CODE_SIGN_IDENTITY = "iPhone Developer";
				"CODE_SIGN_IDENTITY[sdk=iphoneos*]" = "iPhone Developer: Ruud Visser (638NJPDBPM)";
				INFOPLIST_FILE = "OP Orange/Info.plist";
				IPHONEOS_DEPLOYMENT_TARGET = 8.0;
				LD_RUNPATH_SEARCH_PATHS = "$(inherited) @executable_path/Frameworks";
				PRODUCT_NAME = "$(TARGET_NAME)";
				PROVISIONING_PROFILE = "be585cfb-6f6b-43e3-9cc8-625445a06ec3";
				TARGETED_DEVICE_FAMILY = 1;
				VALID_ARCHS = "arm64 armv7 armv7s arm6";
			};
			name = Release;
		};
		31BA30A719D6A5490090A844 /* Debug */ = {
			isa = XCBuildConfiguration;
			buildSettings = {
				BUNDLE_LOADER = "$(TEST_HOST)";
				FRAMEWORK_SEARCH_PATHS = (
					"$(SDKROOT)/Developer/Library/Frameworks",
					"$(inherited)",
				);
				GCC_PREPROCESSOR_DEFINITIONS = (
					"DEBUG=1",
					"$(inherited)",
				);
				INFOPLIST_FILE = "OP OrangeTests/Info.plist";
				LD_RUNPATH_SEARCH_PATHS = "$(inherited) @executable_path/Frameworks @loader_path/Frameworks";
				PRODUCT_NAME = "$(TARGET_NAME)";
				TEST_HOST = "$(BUILT_PRODUCTS_DIR)/OP Orange.app/OP Orange";
			};
			name = Debug;
		};
		31BA30A819D6A5490090A844 /* Release */ = {
			isa = XCBuildConfiguration;
			buildSettings = {
				BUNDLE_LOADER = "$(TEST_HOST)";
				FRAMEWORK_SEARCH_PATHS = (
					"$(SDKROOT)/Developer/Library/Frameworks",
					"$(inherited)",
				);
				INFOPLIST_FILE = "OP OrangeTests/Info.plist";
				LD_RUNPATH_SEARCH_PATHS = "$(inherited) @executable_path/Frameworks @loader_path/Frameworks";
				PRODUCT_NAME = "$(TARGET_NAME)";
				TEST_HOST = "$(BUILT_PRODUCTS_DIR)/OP Orange.app/OP Orange";
			};
			name = Release;
		};
/* End XCBuildConfiguration section */

/* Begin XCConfigurationList section */
		31BA307B19D6A5480090A844 /* Build configuration list for PBXProject "OP Orange" */ = {
			isa = XCConfigurationList;
			buildConfigurations = (
				31BA30A119D6A5490090A844 /* Debug */,
				31BA30A219D6A5490090A844 /* Release */,
			);
			defaultConfigurationIsVisible = 0;
			defaultConfigurationName = Release;
		};
		31BA30A319D6A5490090A844 /* Build configuration list for PBXNativeTarget "OP Orange" */ = {
			isa = XCConfigurationList;
			buildConfigurations = (
				31BA30A419D6A5490090A844 /* Debug */,
				31BA30A519D6A5490090A844 /* Release */,
			);
			defaultConfigurationIsVisible = 0;
		};
		31BA30A619D6A5490090A844 /* Build configuration list for PBXNativeTarget "OP OrangeTests" */ = {
			isa = XCConfigurationList;
			buildConfigurations = (
				31BA30A719D6A5490090A844 /* Debug */,
				31BA30A819D6A5490090A844 /* Release */,
			);
			defaultConfigurationIsVisible = 0;
		};
/* End XCConfigurationList section */
	};
	rootObject = 31BA307819D6A5480090A844 /* Project object */;
}
